
Microsoft Visual Studio Solution File, Format Version 12.00
# Visual Studio 14
VisualStudioVersion = 14.0.25420.1
MinimumVisualStudioVersion = 10.0.40219.1
Project("{FAE04EC0-301F-11D3-BF4B-00C04F79EFBC}") = "Calculator.Web", "Calculator.Web\Calculator.Web.csproj", "{B2A17FD4-B6E8-42CE-A206-AB3E2D4C4782}"
EndProject
Project("{FAE04EC0-301F-11D3-BF4B-00C04F79EFBC}") = "Calculator.Engine", "Calculator.Engine\Calculator.Engine.csproj", "{6CBE4296-70BA-4632-9621-65E17ABA2B24}"
EndProject
Project("{FAE04EC0-301F-11D3-BF4B-00C04F79EFBC}") = "Calculator.Definition", "Calculator.Definition\Calculator.Definition.csproj", "{04771082-36D9-4DC8-9F02-66AC4AAA6D01}"
EndProject
Project("{FAE04EC0-301F-11D3-BF4B-00C04F79EFBC}") = "Tests", "Tests\Tests.csproj", "{A8A91A15-AE28-4706-A67B-9FF900D68FA6}"
EndProject
Global
	GlobalSection(SolutionConfigurationPlatforms) = preSolution
		Debug|Any CPU = Debug|Any CPU
		Release|Any CPU = Release|Any CPU
	EndGlobalSection
	GlobalSection(ProjectConfigurationPlatforms) = postSolution
		{B2A17FD4-B6E8-42CE-A206-AB3E2D4C4782}.Debug|Any CPU.ActiveCfg = Debug|Any CPU
		{B2A17FD4-B6E8-42CE-A206-AB3E2D4C4782}.Debug|Any CPU.Build.0 = Debug|Any CPU
		{B2A17FD4-B6E8-42CE-A206-AB3E2D4C4782}.Release|Any CPU.ActiveCfg = Release|Any CPU
		{B2A17FD4-B6E8-42CE-A206-AB3E2D4C4782}.Release|Any CPU.Build.0 = Release|Any CPU
		{6CBE4296-70BA-4632-9621-65E17ABA2B24}.Debug|Any CPU.ActiveCfg = Debug|Any CPU
		{6CBE4296-70BA-4632-9621-65E17ABA2B24}.Debug|Any CPU.Build.0 = Debug|Any CPU
		{6CBE4296-70BA-4632-9621-65E17ABA2B24}.Release|Any CPU.ActiveCfg = Release|Any CPU
		{6CBE4296-70BA-4632-9621-65E17ABA2B24}.Release|Any CPU.Build.0 = Release|Any CPU
		{04771082-36D9-4DC8-9F02-66AC4AAA6D01}.Debug|Any CPU.ActiveCfg = Debug|Any CPU
		{04771082-36D9-4DC8-9F02-66AC4AAA6D01}.Debug|Any CPU.Build.0 = Debug|Any CPU
		{04771082-36D9-4DC8-9F02-66AC4AAA6D01}.Release|Any CPU.ActiveCfg = Release|Any CPU
		{04771082-36D9-4DC8-9F02-66AC4AAA6D01}.Release|Any CPU.Build.0 = Release|Any CPU
		{A8A91A15-AE28-4706-A67B-9FF900D68FA6}.Debug|Any CPU.ActiveCfg = Debug|Any CPU
		{A8A91A15-AE28-4706-A67B-9FF900D68FA6}.Debug|Any CPU.Build.0 = Debug|Any CPU
		{A8A91A15-AE28-4706-A67B-9FF900D68FA6}.Release|Any CPU.ActiveCfg = Release|Any CPU
		{A8A91A15-AE28-4706-A67B-9FF900D68FA6}.Release|Any CPU.Build.0 = Release|Any CPU
	EndGlobalSection
	GlobalSection(SolutionProperties) = preSolution
		HideSolutionNode = FALSE
	EndGlobalSection
EndGlobal
